
Microsoft Visual Studio Solution File, Format Version 12.00
Project("{FAE04EC0-301F-11D3-BF4B-00C04F79EFBC}") = "Microsoft.Extensions.DependencyInjection.Named", "Microsoft.Extensions.DependencyInjection.Named\Microsoft.Extensions.DependencyInjection.Named.csproj", "{18E134BC-C9C8-4387-8640-6D41E1F27A66}"
EndProject
Project("{FAE04EC0-301F-11D3-BF4B-00C04F79EFBC}") = "Microsoft.Extensions.DependencyInjection.Named.Tests", "Microsoft.Extensions.DependencyInjection.Named.Tests\Microsoft.Extensions.DependencyInjection.Named.Tests.csproj", "{9DC74E8A-2D9B-4D68-AEBF-1D2D26EE699E}"
EndProject
Global
	GlobalSection(SolutionConfigurationPlatforms) = preSolution
		Debug|Any CPU = Debug|Any CPU
		Release|Any CPU = Release|Any CPU
	EndGlobalSection
	GlobalSection(ProjectConfigurationPlatforms) = postSolution
		{18E134BC-C9C8-4387-8640-6D41E1F27A66}.Debug|Any CPU.ActiveCfg = Debug|Any CPU
		{18E134BC-C9C8-4387-8640-6D41E1F27A66}.Debug|Any CPU.Build.0 = Debug|Any CPU
		{18E134BC-C9C8-4387-8640-6D41E1F27A66}.Release|Any CPU.ActiveCfg = Release|Any CPU
		{18E134BC-C9C8-4387-8640-6D41E1F27A66}.Release|Any CPU.Build.0 = Release|Any CPU
		{9DC74E8A-2D9B-4D68-AEBF-1D2D26EE699E}.Debug|Any CPU.ActiveCfg = Debug|Any CPU
		{9DC74E8A-2D9B-4D68-AEBF-1D2D26EE699E}.Debug|Any CPU.Build.0 = Debug|Any CPU
		{9DC74E8A-2D9B-4D68-AEBF-1D2D26EE699E}.Release|Any CPU.ActiveCfg = Release|Any CPU
		{9DC74E8A-2D9B-4D68-AEBF-1D2D26EE699E}.Release|Any CPU.Build.0 = Release|Any CPU
	EndGlobalSection
EndGlobal
